// !$*UTF8*$!
{
	archiveVersion = 1;
	classes = {
	};
	objectVersion = 51;
	objects = {

/* Begin PBXBuildFile section */
		3FAED0D7BA125487F460AB26 /* Pods_ProjectTestTests.framework in Frameworks */ = {isa = PBXBuildFile; fileRef = C3592294BA7638D4634C500F /* Pods_ProjectTestTests.framework */; };
		881AE2AF2468FFE8002D9280 /* ArrayExtensions.swift in Sources */ = {isa = PBXBuildFile; fileRef = 881AE2AE2468FFE8002D9280 /* ArrayExtensions.swift */; };
		881AE2DB246956D4002D9280 /* Global.swift in Sources */ = {isa = PBXBuildFile; fileRef = 881AE2DA246956D4002D9280 /* Global.swift */; };
		884B845A24E0E28300B77DCD /* UHomeViewController.swift in Sources */ = {isa = PBXBuildFile; fileRef = 884B845924E0E28300B77DCD /* UHomeViewController.swift */; };
		884B845D24E0E2CA00B77DCD /* UBaseViewController.swift in Sources */ = {isa = PBXBuildFile; fileRef = 884B845C24E0E2CA00B77DCD /* UBaseViewController.swift */; };
		884B845F24E0ECCB00B77DCD /* UPageViewController.swift in Sources */ = {isa = PBXBuildFile; fileRef = 884B845E24E0ECCB00B77DCD /* UPageViewController.swift */; };
		889ED840246A3EA0007CCB21 /* UAPI.swift in Sources */ = {isa = PBXBuildFile; fileRef = 889ED83F246A3EA0007CCB21 /* UAPI.swift */; };
		889ED842246A3ECC007CCB21 /* UModel.swift in Sources */ = {isa = PBXBuildFile; fileRef = 889ED841246A3ECC007CCB21 /* UModel.swift */; };
		889ED845246A3F42007CCB21 /* NoticeBar.swift in Sources */ = {isa = PBXBuildFile; fileRef = 889ED844246A3F42007CCB21 /* NoticeBar.swift */; };
		889ED847246A4636007CCB21 /* BaseTabbarVC.swift in Sources */ = {isa = PBXBuildFile; fileRef = 889ED846246A4636007CCB21 /* BaseTabbarVC.swift */; };
		88D90B4D2466868300173190 /* BaseNavVC.swift in Sources */ = {isa = PBXBuildFile; fileRef = 88D90B4C2466868300173190 /* BaseNavVC.swift */; };
		88D90B51246690B400173190 /* UIColorExtension.swift in Sources */ = {isa = PBXBuildFile; fileRef = 88D90B50246690B400173190 /* UIColorExtension.swift */; };
		88D90B5824669EF200173190 /* TestVC.swift in Sources */ = {isa = PBXBuildFile; fileRef = 88D90B5724669EF200173190 /* TestVC.swift */; };
		88ED244C2463E3F300E7147C /* AppDelegate.swift in Sources */ = {isa = PBXBuildFile; fileRef = 88ED244B2463E3F300E7147C /* AppDelegate.swift */; };
		88ED24552463E3F600E7147C /* Assets.xcassets in Resources */ = {isa = PBXBuildFile; fileRef = 88ED24542463E3F600E7147C /* Assets.xcassets */; };
		88ED24582463E3F600E7147C /* LaunchScreen.storyboard in Resources */ = {isa = PBXBuildFile; fileRef = 88ED24562463E3F600E7147C /* LaunchScreen.storyboard */; };
		88ED24632463E3F700E7147C /* ProjectTestTests.swift in Sources */ = {isa = PBXBuildFile; fileRef = 88ED24622463E3F700E7147C /* ProjectTestTests.swift */; };
		88ED246E2463E3F700E7147C /* ProjectTestUITests.swift in Sources */ = {isa = PBXBuildFile; fileRef = 88ED246D2463E3F700E7147C /* ProjectTestUITests.swift */; };
		88ED247C2464145400E7147C /* AppDelegateExtension.swift in Sources */ = {isa = PBXBuildFile; fileRef = 88ED247B2464145400E7147C /* AppDelegateExtension.swift */; };
		BBF9E1608C77F38403F4EE8B /* Pods_ProjectTest_ProjectTestUITests.framework in Frameworks */ = {isa = PBXBuildFile; fileRef = 94A818CD637BCF78AD48D046 /* Pods_ProjectTest_ProjectTestUITests.framework */; };
		EB2EF5E880ACB79307E824B8 /* Pods_ProjectTest.framework in Frameworks */ = {isa = PBXBuildFile; fileRef = 525FCF0855A2D4E0CCA0C176 /* Pods_ProjectTest.framework */; };
/* End PBXBuildFile section */

/* Begin PBXContainerItemProxy section */
		88ED245F2463E3F700E7147C /* PBXContainerItemProxy */ = {
			isa = PBXContainerItemProxy;
			containerPortal = 88ED24402463E3F300E7147C /* Project object */;
			proxyType = 1;
			remoteGlobalIDString = 88ED24472463E3F300E7147C;
			remoteInfo = ProjectTest;
		};
		88ED246A2463E3F700E7147C /* PBXContainerItemProxy */ = {
			isa = PBXContainerItemProxy;
			containerPortal = 88ED24402463E3F300E7147C /* Project object */;
			proxyType = 1;
			remoteGlobalIDString = 88ED24472463E3F300E7147C;
			remoteInfo = ProjectTest;
		};
/* End PBXContainerItemProxy section */

/* Begin PBXFileReference section */
		1C2965540F6D42A6F60B439A /* Pods-ProjectTest.debug.xcconfig */ = {isa = PBXFileReference; includeInIndex = 1; lastKnownFileType = text.xcconfig; name = "Pods-ProjectTest.debug.xcconfig"; path = "Target Support Files/Pods-ProjectTest/Pods-ProjectTest.debug.xcconfig"; sourceTree = "<group>"; };
		525FCF0855A2D4E0CCA0C176 /* Pods_ProjectTest.framework */ = {isa = PBXFileReference; explicitFileType = wrapper.framework; includeInIndex = 0; path = Pods_ProjectTest.framework; sourceTree = BUILT_PRODUCTS_DIR; };
		5746AE1DD497ACE7BD4AC3B7 /* Pods-ProjectTestTests.debug.xcconfig */ = {isa = PBXFileReference; includeInIndex = 1; lastKnownFileType = text.xcconfig; name = "Pods-ProjectTestTests.debug.xcconfig"; path = "Target Support Files/Pods-ProjectTestTests/Pods-ProjectTestTests.debug.xcconfig"; sourceTree = "<group>"; };
		881AE2AE2468FFE8002D9280 /* ArrayExtensions.swift */ = {isa = PBXFileReference; lastKnownFileType = sourcecode.swift; path = ArrayExtensions.swift; sourceTree = "<group>"; };
		881AE2DA246956D4002D9280 /* Global.swift */ = {isa = PBXFileReference; lastKnownFileType = sourcecode.swift; path = Global.swift; sourceTree = "<group>"; };
		884B845924E0E28300B77DCD /* UHomeViewController.swift */ = {isa = PBXFileReference; lastKnownFileType = sourcecode.swift; path = UHomeViewController.swift; sourceTree = "<group>"; };
		884B845C24E0E2CA00B77DCD /* UBaseViewController.swift */ = {isa = PBXFileReference; lastKnownFileType = sourcecode.swift; path = UBaseViewController.swift; sourceTree = "<group>"; };
		884B845E24E0ECCB00B77DCD /* UPageViewController.swift */ = {isa = PBXFileReference; lastKnownFileType = sourcecode.swift; path = UPageViewController.swift; sourceTree = "<group>"; };
		889ED83F246A3EA0007CCB21 /* UAPI.swift */ = {isa = PBXFileReference; lastKnownFileType = sourcecode.swift; path = UAPI.swift; sourceTree = "<group>"; };
		889ED841246A3ECC007CCB21 /* UModel.swift */ = {isa = PBXFileReference; lastKnownFileType = sourcecode.swift; path = UModel.swift; sourceTree = "<group>"; };
		889ED844246A3F42007CCB21 /* NoticeBar.swift */ = {isa = PBXFileReference; lastKnownFileType = sourcecode.swift; path = NoticeBar.swift; sourceTree = "<group>"; };
		889ED846246A4636007CCB21 /* BaseTabbarVC.swift */ = {isa = PBXFileReference; lastKnownFileType = sourcecode.swift; path = BaseTabbarVC.swift; sourceTree = "<group>"; };
		88D90B4C2466868300173190 /* BaseNavVC.swift */ = {isa = PBXFileReference; lastKnownFileType = sourcecode.swift; path = BaseNavVC.swift; sourceTree = "<group>"; };
		88D90B50246690B400173190 /* UIColorExtension.swift */ = {isa = PBXFileReference; lastKnownFileType = sourcecode.swift; path = UIColorExtension.swift; sourceTree = "<group>"; };
		88D90B5724669EF200173190 /* TestVC.swift */ = {isa = PBXFileReference; lastKnownFileType = sourcecode.swift; path = TestVC.swift; sourceTree = "<group>"; };
		88ED24482463E3F300E7147C /* ProjectTest.app */ = {isa = PBXFileReference; explicitFileType = wrapper.application; includeInIndex = 0; path = ProjectTest.app; sourceTree = BUILT_PRODUCTS_DIR; };
		88ED244B2463E3F300E7147C /* AppDelegate.swift */ = {isa = PBXFileReference; lastKnownFileType = sourcecode.swift; path = AppDelegate.swift; sourceTree = "<group>"; };
		88ED24542463E3F600E7147C /* Assets.xcassets */ = {isa = PBXFileReference; lastKnownFileType = folder.assetcatalog; path = Assets.xcassets; sourceTree = "<group>"; };
		88ED24572463E3F600E7147C /* Base */ = {isa = PBXFileReference; lastKnownFileType = file.storyboard; name = Base; path = Base.lproj/LaunchScreen.storyboard; sourceTree = "<group>"; };
		88ED24592463E3F600E7147C /* Info.plist */ = {isa = PBXFileReference; lastKnownFileType = text.plist.xml; path = Info.plist; sourceTree = "<group>"; };
		88ED245E2463E3F700E7147C /* ProjectTestTests.xctest */ = {isa = PBXFileReference; explicitFileType = wrapper.cfbundle; includeInIndex = 0; path = ProjectTestTests.xctest; sourceTree = BUILT_PRODUCTS_DIR; };
		88ED24622463E3F700E7147C /* ProjectTestTests.swift */ = {isa = PBXFileReference; lastKnownFileType = sourcecode.swift; path = ProjectTestTests.swift; sourceTree = "<group>"; };
		88ED24642463E3F700E7147C /* Info.plist */ = {isa = PBXFileReference; lastKnownFileType = text.plist.xml; path = Info.plist; sourceTree = "<group>"; };
		88ED24692463E3F700E7147C /* ProjectTestUITests.xctest */ = {isa = PBXFileReference; explicitFileType = wrapper.cfbundle; includeInIndex = 0; path = ProjectTestUITests.xctest; sourceTree = BUILT_PRODUCTS_DIR; };
		88ED246D2463E3F700E7147C /* ProjectTestUITests.swift */ = {isa = PBXFileReference; lastKnownFileType = sourcecode.swift; path = ProjectTestUITests.swift; sourceTree = "<group>"; };
		88ED246F2463E3F700E7147C /* Info.plist */ = {isa = PBXFileReference; lastKnownFileType = text.plist.xml; path = Info.plist; sourceTree = "<group>"; };
		88ED247B2464145400E7147C /* AppDelegateExtension.swift */ = {isa = PBXFileReference; lastKnownFileType = sourcecode.swift; path = AppDelegateExtension.swift; sourceTree = "<group>"; };
		94A818CD637BCF78AD48D046 /* Pods_ProjectTest_ProjectTestUITests.framework */ = {isa = PBXFileReference; explicitFileType = wrapper.framework; includeInIndex = 0; path = Pods_ProjectTest_ProjectTestUITests.framework; sourceTree = BUILT_PRODUCTS_DIR; };
		A16340E736211157DE5F2AFA /* Pods-ProjectTest-ProjectTestUITests.release.xcconfig */ = {isa = PBXFileReference; includeInIndex = 1; lastKnownFileType = text.xcconfig; name = "Pods-ProjectTest-ProjectTestUITests.release.xcconfig"; path = "Target Support Files/Pods-ProjectTest-ProjectTestUITests/Pods-ProjectTest-ProjectTestUITests.release.xcconfig"; sourceTree = "<group>"; };
		BF03FB2F050BE10BAC830B02 /* Pods-ProjectTest.release.xcconfig */ = {isa = PBXFileReference; includeInIndex = 1; lastKnownFileType = text.xcconfig; name = "Pods-ProjectTest.release.xcconfig"; path = "Target Support Files/Pods-ProjectTest/Pods-ProjectTest.release.xcconfig"; sourceTree = "<group>"; };
		C3592294BA7638D4634C500F /* Pods_ProjectTestTests.framework */ = {isa = PBXFileReference; explicitFileType = wrapper.framework; includeInIndex = 0; path = Pods_ProjectTestTests.framework; sourceTree = BUILT_PRODUCTS_DIR; };
		D069B1D4F6A3043A90AE6A9B /* Pods-ProjectTest-ProjectTestUITests.debug.xcconfig */ = {isa = PBXFileReference; includeInIndex = 1; lastKnownFileType = text.xcconfig; name = "Pods-ProjectTest-ProjectTestUITests.debug.xcconfig"; path = "Target Support Files/Pods-ProjectTest-ProjectTestUITests/Pods-ProjectTest-ProjectTestUITests.debug.xcconfig"; sourceTree = "<group>"; };
		E70468A50035263A5646388F /* Pods-ProjectTestTests.release.xcconfig */ = {isa = PBXFileReference; includeInIndex = 1; lastKnownFileType = text.xcconfig; name = "Pods-ProjectTestTests.release.xcconfig"; path = "Target Support Files/Pods-ProjectTestTests/Pods-ProjectTestTests.release.xcconfig"; sourceTree = "<group>"; };
/* End PBXFileReference section */

/* Begin PBXFrameworksBuildPhase section */
		88ED24452463E3F300E7147C /* Frameworks */ = {
			isa = PBXFrameworksBuildPhase;
			buildActionMask = 2147483647;
			files = (
				EB2EF5E880ACB79307E824B8 /* Pods_ProjectTest.framework in Frameworks */,
			);
			runOnlyForDeploymentPostprocessing = 0;
		};
		88ED245B2463E3F700E7147C /* Frameworks */ = {
			isa = PBXFrameworksBuildPhase;
			buildActionMask = 2147483647;
			files = (
				3FAED0D7BA125487F460AB26 /* Pods_ProjectTestTests.framework in Frameworks */,
			);
			runOnlyForDeploymentPostprocessing = 0;
		};
		88ED24662463E3F700E7147C /* Frameworks */ = {
			isa = PBXFrameworksBuildPhase;
			buildActionMask = 2147483647;
			files = (
				BBF9E1608C77F38403F4EE8B /* Pods_ProjectTest_ProjectTestUITests.framework in Frameworks */,
			);
			runOnlyForDeploymentPostprocessing = 0;
		};
/* End PBXFrameworksBuildPhase section */

/* Begin PBXGroup section */
		37D741C2AD0FC259EE954EAA /* Frameworks */ = {
			isa = PBXGroup;
			children = (
				525FCF0855A2D4E0CCA0C176 /* Pods_ProjectTest.framework */,
				94A818CD637BCF78AD48D046 /* Pods_ProjectTest_ProjectTestUITests.framework */,
				C3592294BA7638D4634C500F /* Pods_ProjectTestTests.framework */,
			);
			name = Frameworks;
			sourceTree = "<group>";
		};
		884B845724E0E24F00B77DCD /* Home */ = {
			isa = PBXGroup;
			children = (
				884B845824E0E25800B77DCD /* VC */,
			);
			path = Home;
			sourceTree = "<group>";
		};
		884B845824E0E25800B77DCD /* VC */ = {
			isa = PBXGroup;
			children = (
				884B845924E0E28300B77DCD /* UHomeViewController.swift */,
			);
			path = VC;
			sourceTree = "<group>";
		};
		884B845B24E0E2AB00B77DCD /* VC */ = {
			isa = PBXGroup;
			children = (
				88D90B4C2466868300173190 /* BaseNavVC.swift */,
				889ED846246A4636007CCB21 /* BaseTabbarVC.swift */,
				884B845C24E0E2CA00B77DCD /* UBaseViewController.swift */,
				884B845E24E0ECCB00B77DCD /* UPageViewController.swift */,
			);
			path = VC;
			sourceTree = "<group>";
		};
		889ED83B246A3E0D007CCB21 /* Component */ = {
			isa = PBXGroup;
			children = (
				889ED843246A3F3D007CCB21 /* NoticeBar */,
			);
			path = Component;
			sourceTree = "<group>";
		};
		889ED83C246A3E42007CCB21 /* API */ = {
			isa = PBXGroup;
			children = (
				889ED83F246A3EA0007CCB21 /* UAPI.swift */,
			);
			path = API;
			sourceTree = "<group>";
		};
		889ED83D246A3E50007CCB21 /* Model */ = {
			isa = PBXGroup;
			children = (
				889ED841246A3ECC007CCB21 /* UModel.swift */,
			);
			path = Model;
			sourceTree = "<group>";
		};
		889ED83E246A3E57007CCB21 /* Procedure */ = {
			isa = PBXGroup;
			children = (
				884B845724E0E24F00B77DCD /* Home */,
				88ED244B2463E3F300E7147C /* AppDelegate.swift */,
				88ED247B2464145400E7147C /* AppDelegateExtension.swift */,
				881AE2DA246956D4002D9280 /* Global.swift */,
				88D90B472466841D00173190 /* Base */,
			);
			path = Procedure;
			sourceTree = "<group>";
		};
		889ED843246A3F3D007CCB21 /* NoticeBar */ = {
			isa = PBXGroup;
			children = (
				889ED844246A3F42007CCB21 /* NoticeBar.swift */,
			);
			path = NoticeBar;
			sourceTree = "<group>";
		};
		88D90B472466841D00173190 /* Base */ = {
			isa = PBXGroup;
			children = (
				884B845B24E0E2AB00B77DCD /* VC */,
			);
			path = Base;
			sourceTree = "<group>";
		};
		88D90B4F2466909200173190 /* Extensiton */ = {
			isa = PBXGroup;
			children = (
				88D90B50246690B400173190 /* UIColorExtension.swift */,
				881AE2AE2468FFE8002D9280 /* ArrayExtensions.swift */,
			);
			path = Extensiton;
			sourceTree = "<group>";
		};
		88D90B5224669D2200173190 /* Other */ = {
			isa = PBXGroup;
			children = (
				88ED24562463E3F600E7147C /* LaunchScreen.storyboard */,
				88ED24592463E3F600E7147C /* Info.plist */,
			);
			name = Other;
			sourceTree = "<group>";
		};
		88ED243F2463E3F300E7147C = {
			isa = PBXGroup;
			children = (
				88ED244A2463E3F300E7147C /* ProjectTest */,
				88ED24612463E3F700E7147C /* ProjectTestTests */,
				88ED246C2463E3F700E7147C /* ProjectTestUITests */,
				88ED24492463E3F300E7147C /* Products */,
				A97F4D0EB0EC8596ED546379 /* Pods */,
				37D741C2AD0FC259EE954EAA /* Frameworks */,
			);
			sourceTree = "<group>";
		};
		88ED24492463E3F300E7147C /* Products */ = {
			isa = PBXGroup;
			children = (
				88ED24482463E3F300E7147C /* ProjectTest.app */,
				88ED245E2463E3F700E7147C /* ProjectTestTests.xctest */,
				88ED24692463E3F700E7147C /* ProjectTestUITests.xctest */,
			);
			name = Products;
			sourceTree = "<group>";
		};
		88ED244A2463E3F300E7147C /* ProjectTest */ = {
			isa = PBXGroup;
			children = (
				889ED83C246A3E42007CCB21 /* API */,
				889ED83B246A3E0D007CCB21 /* Component */,
				88D90B4F2466909200173190 /* Extensiton */,
				889ED83D246A3E50007CCB21 /* Model */,
				889ED83E246A3E57007CCB21 /* Procedure */,
				88D90B5724669EF200173190 /* TestVC.swift */,
				88D90B5224669D2200173190 /* Other */,
				88ED24542463E3F600E7147C /* Assets.xcassets */,
			);
			path = ProjectTest;
			sourceTree = "<group>";
		};
		88ED24612463E3F700E7147C /* ProjectTestTests */ = {
			isa = PBXGroup;
			children = (
				88ED24622463E3F700E7147C /* ProjectTestTests.swift */,
				88ED24642463E3F700E7147C /* Info.plist */,
			);
			path = ProjectTestTests;
			sourceTree = "<group>";
		};
		88ED246C2463E3F700E7147C /* ProjectTestUITests */ = {
			isa = PBXGroup;
			children = (
				88ED246D2463E3F700E7147C /* ProjectTestUITests.swift */,
				88ED246F2463E3F700E7147C /* Info.plist */,
			);
			path = ProjectTestUITests;
			sourceTree = "<group>";
		};
		A97F4D0EB0EC8596ED546379 /* Pods */ = {
			isa = PBXGroup;
			children = (
				1C2965540F6D42A6F60B439A /* Pods-ProjectTest.debug.xcconfig */,
				BF03FB2F050BE10BAC830B02 /* Pods-ProjectTest.release.xcconfig */,
				D069B1D4F6A3043A90AE6A9B /* Pods-ProjectTest-ProjectTestUITests.debug.xcconfig */,
				A16340E736211157DE5F2AFA /* Pods-ProjectTest-ProjectTestUITests.release.xcconfig */,
				5746AE1DD497ACE7BD4AC3B7 /* Pods-ProjectTestTests.debug.xcconfig */,
				E70468A50035263A5646388F /* Pods-ProjectTestTests.release.xcconfig */,
			);
			path = Pods;
			sourceTree = "<group>";
		};
/* End PBXGroup section */

/* Begin PBXNativeTarget section */
		88ED24472463E3F300E7147C /* ProjectTest */ = {
			isa = PBXNativeTarget;
			buildConfigurationList = 88ED24722463E3F700E7147C /* Build configuration list for PBXNativeTarget "ProjectTest" */;
			buildPhases = (
				01816FB3F27B8D2A3D543C16 /* [CP] Check Pods Manifest.lock */,
				88ED24442463E3F300E7147C /* Sources */,
				88ED24452463E3F300E7147C /* Frameworks */,
				88ED24462463E3F300E7147C /* Resources */,
				F227F07F93E42A21AB4D723A /* [CP] Embed Pods Frameworks */,
			);
			buildRules = (
			);
			dependencies = (
			);
			name = ProjectTest;
			productName = ProjectTest;
			productReference = 88ED24482463E3F300E7147C /* ProjectTest.app */;
			productType = "com.apple.product-type.application";
		};
		88ED245D2463E3F700E7147C /* ProjectTestTests */ = {
			isa = PBXNativeTarget;
			buildConfigurationList = 88ED24752463E3F700E7147C /* Build configuration list for PBXNativeTarget "ProjectTestTests" */;
			buildPhases = (
				57BE2ABB8CD472812DB3604B /* [CP] Check Pods Manifest.lock */,
				88ED245A2463E3F700E7147C /* Sources */,
				88ED245B2463E3F700E7147C /* Frameworks */,
				88ED245C2463E3F700E7147C /* Resources */,
			);
			buildRules = (
			);
			dependencies = (
				88ED24602463E3F700E7147C /* PBXTargetDependency */,
			);
			name = ProjectTestTests;
			productName = ProjectTestTests;
			productReference = 88ED245E2463E3F700E7147C /* ProjectTestTests.xctest */;
			productType = "com.apple.product-type.bundle.unit-test";
		};
		88ED24682463E3F700E7147C /* ProjectTestUITests */ = {
			isa = PBXNativeTarget;
			buildConfigurationList = 88ED24782463E3F700E7147C /* Build configuration list for PBXNativeTarget "ProjectTestUITests" */;
			buildPhases = (
				6D63EB88175397885AA62986 /* [CP] Check Pods Manifest.lock */,
				88ED24652463E3F700E7147C /* Sources */,
				88ED24662463E3F700E7147C /* Frameworks */,
				88ED24672463E3F700E7147C /* Resources */,
				42B4CA0D58EFF3C7234E3492 /* [CP] Embed Pods Frameworks */,
			);
			buildRules = (
			);
			dependencies = (
				88ED246B2463E3F700E7147C /* PBXTargetDependency */,
			);
			name = ProjectTestUITests;
			productName = ProjectTestUITests;
			productReference = 88ED24692463E3F700E7147C /* ProjectTestUITests.xctest */;
			productType = "com.apple.product-type.bundle.ui-testing";
		};
/* End PBXNativeTarget section */

/* Begin PBXProject section */
		88ED24402463E3F300E7147C /* Project object */ = {
			isa = PBXProject;
			attributes = {
				LastSwiftUpdateCheck = 1120;
				LastUpgradeCheck = 1120;
				ORGANIZATIONNAME = nor;
				TargetAttributes = {
					88ED24472463E3F300E7147C = {
						CreatedOnToolsVersion = 11.2.1;
					};
					88ED245D2463E3F700E7147C = {
						CreatedOnToolsVersion = 11.2.1;
						TestTargetID = 88ED24472463E3F300E7147C;
					};
					88ED24682463E3F700E7147C = {
						CreatedOnToolsVersion = 11.2.1;
						TestTargetID = 88ED24472463E3F300E7147C;
					};
				};
			};
			buildConfigurationList = 88ED24432463E3F300E7147C /* Build configuration list for PBXProject "ProjectTest" */;
			compatibilityVersion = "Xcode 9.3";
			developmentRegion = en;
			hasScannedForEncodings = 0;
			knownRegions = (
				en,
				Base,
			);
			mainGroup = 88ED243F2463E3F300E7147C;
			productRefGroup = 88ED24492463E3F300E7147C /* Products */;
			projectDirPath = "";
			projectRoot = "";
			targets = (
				88ED24472463E3F300E7147C /* ProjectTest */,
				88ED245D2463E3F700E7147C /* ProjectTestTests */,
				88ED24682463E3F700E7147C /* ProjectTestUITests */,
			);
		};
/* End PBXProject section */

/* Begin PBXResourcesBuildPhase section */
		88ED24462463E3F300E7147C /* Resources */ = {
			isa = PBXResourcesBuildPhase;
			buildActionMask = 2147483647;
			files = (
				88ED24582463E3F600E7147C /* LaunchScreen.storyboard in Resources */,
				88ED24552463E3F600E7147C /* Assets.xcassets in Resources */,
			);
			runOnlyForDeploymentPostprocessing = 0;
		};
		88ED245C2463E3F700E7147C /* Resources */ = {
			isa = PBXResourcesBuildPhase;
			buildActionMask = 2147483647;
			files = (
			);
			runOnlyForDeploymentPostprocessing = 0;
		};
		88ED24672463E3F700E7147C /* Resources */ = {
			isa = PBXResourcesBuildPhase;
			buildActionMask = 2147483647;
			files = (
			);
			runOnlyForDeploymentPostprocessing = 0;
		};
/* End PBXResourcesBuildPhase section */

/* Begin PBXShellScriptBuildPhase section */
		01816FB3F27B8D2A3D543C16 /* [CP] Check Pods Manifest.lock */ = {
			isa = PBXShellScriptBuildPhase;
			buildActionMask = 2147483647;
			files = (
			);
			inputFileListPaths = (
			);
			inputPaths = (
				"${PODS_PODFILE_DIR_PATH}/Podfile.lock",
				"${PODS_ROOT}/Manifest.lock",
			);
			name = "[CP] Check Pods Manifest.lock";
			outputFileListPaths = (
			);
			outputPaths = (
				"$(DERIVED_FILE_DIR)/Pods-ProjectTest-checkManifestLockResult.txt",
			);
			runOnlyForDeploymentPostprocessing = 0;
			shellPath = /bin/sh;
			shellScript = "diff \"${PODS_PODFILE_DIR_PATH}/Podfile.lock\" \"${PODS_ROOT}/Manifest.lock\" > /dev/null\nif [ $? != 0 ] ; then\n    # print error to STDERR\n    echo \"error: The sandbox is not in sync with the Podfile.lock. Run 'pod install' or update your CocoaPods installation.\" >&2\n    exit 1\nfi\n# This output is used by Xcode 'outputs' to avoid re-running this script phase.\necho \"SUCCESS\" > \"${SCRIPT_OUTPUT_FILE_0}\"\n";
			showEnvVarsInLog = 0;
		};
		42B4CA0D58EFF3C7234E3492 /* [CP] Embed Pods Frameworks */ = {
			isa = PBXShellScriptBuildPhase;
			buildActionMask = 2147483647;
			files = (
			);
			inputFileListPaths = (
				"${PODS_ROOT}/Target Support Files/Pods-ProjectTest-ProjectTestUITests/Pods-ProjectTest-ProjectTestUITests-frameworks-${CONFIGURATION}-input-files.xcfilelist",
			);
			name = "[CP] Embed Pods Frameworks";
			outputFileListPaths = (
				"${PODS_ROOT}/Target Support Files/Pods-ProjectTest-ProjectTestUITests/Pods-ProjectTest-ProjectTestUITests-frameworks-${CONFIGURATION}-output-files.xcfilelist",
			);
			runOnlyForDeploymentPostprocessing = 0;
			shellPath = /bin/sh;
			shellScript = "\"${PODS_ROOT}/Target Support Files/Pods-ProjectTest-ProjectTestUITests/Pods-ProjectTest-ProjectTestUITests-frameworks.sh\"\n";
			showEnvVarsInLog = 0;
		};
		57BE2ABB8CD472812DB3604B /* [CP] Check Pods Manifest.lock */ = {
			isa = PBXShellScriptBuildPhase;
			buildActionMask = 2147483647;
			files = (
			);
			inputFileListPaths = (
			);
			inputPaths = (
				"${PODS_PODFILE_DIR_PATH}/Podfile.lock",
				"${PODS_ROOT}/Manifest.lock",
			);
			name = "[CP] Check Pods Manifest.lock";
			outputFileListPaths = (
			);
			outputPaths = (
				"$(DERIVED_FILE_DIR)/Pods-ProjectTestTests-checkManifestLockResult.txt",
			);
			runOnlyForDeploymentPostprocessing = 0;
			shellPath = /bin/sh;
			shellScript = "diff \"${PODS_PODFILE_DIR_PATH}/Podfile.lock\" \"${PODS_ROOT}/Manifest.lock\" > /dev/null\nif [ $? != 0 ] ; then\n    # print error to STDERR\n    echo \"error: The sandbox is not in sync with the Podfile.lock. Run 'pod install' or update your CocoaPods installation.\" >&2\n    exit 1\nfi\n# This output is used by Xcode 'outputs' to avoid re-running this script phase.\necho \"SUCCESS\" > \"${SCRIPT_OUTPUT_FILE_0}\"\n";
			showEnvVarsInLog = 0;
		};
		6D63EB88175397885AA62986 /* [CP] Check Pods Manifest.lock */ = {
			isa = PBXShellScriptBuildPhase;
			buildActionMask = 2147483647;
			files = (
			);
			inputFileListPaths = (
			);
			inputPaths = (
				"${PODS_PODFILE_DIR_PATH}/Podfile.lock",
				"${PODS_ROOT}/Manifest.lock",
			);
			name = "[CP] Check Pods Manifest.lock";
			outputFileListPaths = (
			);
			outputPaths = (
				"$(DERIVED_FILE_DIR)/Pods-ProjectTest-ProjectTestUITests-checkManifestLockResult.txt",
			);
			runOnlyForDeploymentPostprocessing = 0;
			shellPath = /bin/sh;
			shellScript = "diff \"${PODS_PODFILE_DIR_PATH}/Podfile.lock\" \"${PODS_ROOT}/Manifest.lock\" > /dev/null\nif [ $? != 0 ] ; then\n    # print error to STDERR\n    echo \"error: The sandbox is not in sync with the Podfile.lock. Run 'pod install' or update your CocoaPods installation.\" >&2\n    exit 1\nfi\n# This output is used by Xcode 'outputs' to avoid re-running this script phase.\necho \"SUCCESS\" > \"${SCRIPT_OUTPUT_FILE_0}\"\n";
			showEnvVarsInLog = 0;
		};
		F227F07F93E42A21AB4D723A /* [CP] Embed Pods Frameworks */ = {
			isa = PBXShellScriptBuildPhase;
			buildActionMask = 2147483647;
			files = (
			);
			inputFileListPaths = (
				"${PODS_ROOT}/Target Support Files/Pods-ProjectTest/Pods-ProjectTest-frameworks-${CONFIGURATION}-input-files.xcfilelist",
			);
			name = "[CP] Embed Pods Frameworks";
			outputFileListPaths = (
				"${PODS_ROOT}/Target Support Files/Pods-ProjectTest/Pods-ProjectTest-frameworks-${CONFIGURATION}-output-files.xcfilelist",
			);
			runOnlyForDeploymentPostprocessing = 0;
			shellPath = /bin/sh;
			shellScript = "\"${PODS_ROOT}/Target Support Files/Pods-ProjectTest/Pods-ProjectTest-frameworks.sh\"\n";
			showEnvVarsInLog = 0;
		};
/* End PBXShellScriptBuildPhase section */

/* Begin PBXSourcesBuildPhase section */
		88ED24442463E3F300E7147C /* Sources */ = {
			isa = PBXSourcesBuildPhase;
			buildActionMask = 2147483647;
			files = (
				881AE2DB246956D4002D9280 /* Global.swift in Sources */,
				889ED847246A4636007CCB21 /* BaseTabbarVC.swift in Sources */,
				889ED845246A3F42007CCB21 /* NoticeBar.swift in Sources */,
				88ED247C2464145400E7147C /* AppDelegateExtension.swift in Sources */,
				889ED842246A3ECC007CCB21 /* UModel.swift in Sources */,
				889ED840246A3EA0007CCB21 /* UAPI.swift in Sources */,
				881AE2AF2468FFE8002D9280 /* ArrayExtensions.swift in Sources */,
				88D90B51246690B400173190 /* UIColorExtension.swift in Sources */,
				88ED244C2463E3F300E7147C /* AppDelegate.swift in Sources */,
				884B845F24E0ECCB00B77DCD /* UPageViewController.swift in Sources */,
				884B845A24E0E28300B77DCD /* UHomeViewController.swift in Sources */,
				88D90B5824669EF200173190 /* TestVC.swift in Sources */,
				884B845D24E0E2CA00B77DCD /* UBaseViewController.swift in Sources */,
				88D90B4D2466868300173190 /* BaseNavVC.swift in Sources */,
			);
			runOnlyForDeploymentPostprocessing = 0;
		};
		88ED245A2463E3F700E7147C /* Sources */ = {
			isa = PBXSourcesBuildPhase;
			buildActionMask = 2147483647;
			files = (
				88ED24632463E3F700E7147C /* ProjectTestTests.swift in Sources */,
			);
			runOnlyForDeploymentPostprocessing = 0;
		};
		88ED24652463E3F700E7147C /* Sources */ = {
			isa = PBXSourcesBuildPhase;
			buildActionMask = 2147483647;
			files = (
				88ED246E2463E3F700E7147C /* ProjectTestUITests.swift in Sources */,
			);
			runOnlyForDeploymentPostprocessing = 0;
		};
/* End PBXSourcesBuildPhase section */

/* Begin PBXTargetDependency section */
		88ED24602463E3F700E7147C /* PBXTargetDependency */ = {
			isa = PBXTargetDependency;
			target = 88ED24472463E3F300E7147C /* ProjectTest */;
			targetProxy = 88ED245F2463E3F700E7147C /* PBXContainerItemProxy */;
		};
		88ED246B2463E3F700E7147C /* PBXTargetDependency */ = {
			isa = PBXTargetDependency;
			target = 88ED24472463E3F300E7147C /* ProjectTest */;
			targetProxy = 88ED246A2463E3F700E7147C /* PBXContainerItemProxy */;
		};
/* End PBXTargetDependency section */

/* Begin PBXVariantGroup section */
		88ED24562463E3F600E7147C /* LaunchScreen.storyboard */ = {
			isa = PBXVariantGroup;
			children = (
				88ED24572463E3F600E7147C /* Base */,
			);
			name = LaunchScreen.storyboard;
			sourceTree = "<group>";
		};
/* End PBXVariantGroup section */

/* Begin XCBuildConfiguration section */
		88ED24702463E3F700E7147C /* Debug */ = {
			isa = XCBuildConfiguration;
			buildSettings = {
				ALWAYS_SEARCH_USER_PATHS = NO;
				CLANG_ANALYZER_NONNULL = YES;
				CLANG_ANALYZER_NUMBER_OBJECT_CONVERSION = YES_AGGRESSIVE;
				CLANG_CXX_LANGUAGE_STANDARD = "gnu++14";
				CLANG_CXX_LIBRARY = "libc++";
				CLANG_ENABLE_MODULES = YES;
				CLANG_ENABLE_OBJC_ARC = YES;
				CLANG_ENABLE_OBJC_WEAK = YES;
				CLANG_WARN_BLOCK_CAPTURE_AUTORELEASING = YES;
				CLANG_WARN_BOOL_CONVERSION = YES;
				CLANG_WARN_COMMA = YES;
				CLANG_WARN_CONSTANT_CONVERSION = YES;
				CLANG_WARN_DEPRECATED_OBJC_IMPLEMENTATIONS = YES;
				CLANG_WARN_DIRECT_OBJC_ISA_USAGE = YES_ERROR;
				CLANG_WARN_DOCUMENTATION_COMMENTS = YES;
				CLANG_WARN_EMPTY_BODY = YES;
				CLANG_WARN_ENUM_CONVERSION = YES;
				CLANG_WARN_INFINITE_RECURSION = YES;
				CLANG_WARN_INT_CONVERSION = YES;
				CLANG_WARN_NON_LITERAL_NULL_CONVERSION = YES;
				CLANG_WARN_OBJC_IMPLICIT_RETAIN_SELF = YES;
				CLANG_WARN_OBJC_LITERAL_CONVERSION = YES;
				CLANG_WARN_OBJC_ROOT_CLASS = YES_ERROR;
				CLANG_WARN_RANGE_LOOP_ANALYSIS = YES;
				CLANG_WARN_STRICT_PROTOTYPES = YES;
				CLANG_WARN_SUSPICIOUS_MOVE = YES;
				CLANG_WARN_UNGUARDED_AVAILABILITY = YES_AGGRESSIVE;
				CLANG_WARN_UNREACHABLE_CODE = YES;
				CLANG_WARN__DUPLICATE_METHOD_MATCH = YES;
				COPY_PHASE_STRIP = NO;
				DEBUG_INFORMATION_FORMAT = dwarf;
				ENABLE_STRICT_OBJC_MSGSEND = YES;
				ENABLE_TESTABILITY = YES;
				GCC_C_LANGUAGE_STANDARD = gnu11;
				GCC_DYNAMIC_NO_PIC = NO;
				GCC_NO_COMMON_BLOCKS = YES;
				GCC_OPTIMIZATION_LEVEL = 0;
				GCC_PREPROCESSOR_DEFINITIONS = (
					"DEBUG=1",
					"$(inherited)",
				);
				GCC_WARN_64_TO_32_BIT_CONVERSION = YES;
				GCC_WARN_ABOUT_RETURN_TYPE = YES_ERROR;
				GCC_WARN_UNDECLARED_SELECTOR = YES;
				GCC_WARN_UNINITIALIZED_AUTOS = YES_AGGRESSIVE;
				GCC_WARN_UNUSED_FUNCTION = YES;
				GCC_WARN_UNUSED_VARIABLE = YES;
				IPHONEOS_DEPLOYMENT_TARGET = 13.2;
				MTL_ENABLE_DEBUG_INFO = INCLUDE_SOURCE;
				MTL_FAST_MATH = YES;
				ONLY_ACTIVE_ARCH = YES;
				SDKROOT = iphoneos;
				SWIFT_ACTIVE_COMPILATION_CONDITIONS = DEBUG;
				SWIFT_OPTIMIZATION_LEVEL = "-Onone";
			};
			name = Debug;
		};
		88ED24712463E3F700E7147C /* Release */ = {
			isa = XCBuildConfiguration;
			buildSettings = {
				ALWAYS_SEARCH_USER_PATHS = NO;
				CLANG_ANALYZER_NONNULL = YES;
				CLANG_ANALYZER_NUMBER_OBJECT_CONVERSION = YES_AGGRESSIVE;
				CLANG_CXX_LANGUAGE_STANDARD = "gnu++14";
				CLANG_CXX_LIBRARY = "libc++";
				CLANG_ENABLE_MODULES = YES;
				CLANG_ENABLE_OBJC_ARC = YES;
				CLANG_ENABLE_OBJC_WEAK = YES;
				CLANG_WARN_BLOCK_CAPTURE_AUTORELEASING = YES;
				CLANG_WARN_BOOL_CONVERSION = YES;
				CLANG_WARN_COMMA = YES;
				CLANG_WARN_CONSTANT_CONVERSION = YES;
				CLANG_WARN_DEPRECATED_OBJC_IMPLEMENTATIONS = YES;
				CLANG_WARN_DIRECT_OBJC_ISA_USAGE = YES_ERROR;
				CLANG_WARN_DOCUMENTATION_COMMENTS = YES;
				CLANG_WARN_EMPTY_BODY = YES;
				CLANG_WARN_ENUM_CONVERSION = YES;
				CLANG_WARN_INFINITE_RECURSION = YES;
				CLANG_WARN_INT_CONVERSION = YES;
				CLANG_WARN_NON_LITERAL_NULL_CONVERSION = YES;
				CLANG_WARN_OBJC_IMPLICIT_RETAIN_SELF = YES;
				CLANG_WARN_OBJC_LITERAL_CONVERSION = YES;
				CLANG_WARN_OBJC_ROOT_CLASS = YES_ERROR;
				CLANG_WARN_RANGE_LOOP_ANALYSIS = YES;
				CLANG_WARN_STRICT_PROTOTYPES = YES;
				CLANG_WARN_SUSPICIOUS_MOVE = YES;
				CLANG_WARN_UNGUARDED_AVAILABILITY = YES_AGGRESSIVE;
				CLANG_WARN_UNREACHABLE_CODE = YES;
				CLANG_WARN__DUPLICATE_METHOD_MATCH = YES;
				COPY_PHASE_STRIP = NO;
				DEBUG_INFORMATION_FORMAT = "dwarf-with-dsym";
				ENABLE_NS_ASSERTIONS = NO;
				ENABLE_STRICT_OBJC_MSGSEND = YES;
				GCC_C_LANGUAGE_STANDARD = gnu11;
				GCC_NO_COMMON_BLOCKS = YES;
				GCC_WARN_64_TO_32_BIT_CONVERSION = YES;
				GCC_WARN_ABOUT_RETURN_TYPE = YES_ERROR;
				GCC_WARN_UNDECLARED_SELECTOR = YES;
				GCC_WARN_UNINITIALIZED_AUTOS = YES_AGGRESSIVE;
				GCC_WARN_UNUSED_FUNCTION = YES;
				GCC_WARN_UNUSED_VARIABLE = YES;
				IPHONEOS_DEPLOYMENT_TARGET = 13.2;
				MTL_ENABLE_DEBUG_INFO = NO;
				MTL_FAST_MATH = YES;
				SDKROOT = iphoneos;
				SWIFT_COMPILATION_MODE = wholemodule;
				SWIFT_OPTIMIZATION_LEVEL = "-O";
				VALIDATE_PRODUCT = YES;
			};
			name = Release;
		};
		88ED24732463E3F700E7147C /* Debug */ = {
			isa = XCBuildConfiguration;
			baseConfigurationReference = 1C2965540F6D42A6F60B439A /* Pods-ProjectTest.debug.xcconfig */;
			buildSettings = {
				ASSETCATALOG_COMPILER_APPICON_NAME = AppIcon;
				CODE_SIGN_STYLE = Automatic;
				DEVELOPMENT_TEAM = "";
				INFOPLIST_FILE = ProjectTest/Info.plist;
				IPHONEOS_DEPLOYMENT_TARGET = 10.0;
				LD_RUNPATH_SEARCH_PATHS = (
					"$(inherited)",
					"@executable_path/Frameworks",
				);
				PRODUCT_BUNDLE_IDENTIFIER = com.nor.ProjectTest;
				PRODUCT_NAME = "$(TARGET_NAME)";
				SWIFT_VERSION = 5.0;
				TARGETED_DEVICE_FAMILY = "1,2";
			};
			name = Debug;
		};
		88ED24742463E3F700E7147C /* Release */ = {
			isa = XCBuildConfiguration;
			baseConfigurationReference = BF03FB2F050BE10BAC830B02 /* Pods-ProjectTest.release.xcconfig */;
			buildSettings = {
				ASSETCATALOG_COMPILER_APPICON_NAME = AppIcon;
				CODE_SIGN_STYLE = Automatic;
				DEVELOPMENT_TEAM = "";
				INFOPLIST_FILE = ProjectTest/Info.plist;
				IPHONEOS_DEPLOYMENT_TARGET = 10.0;
				LD_RUNPATH_SEARCH_PATHS = (
					"$(inherited)",
					"@executable_path/Frameworks",
				);
				PRODUCT_BUNDLE_IDENTIFIER = com.nor.ProjectTest;
				PRODUCT_NAME = "$(TARGET_NAME)";
				SWIFT_VERSION = 5.0;
				TARGETED_DEVICE_FAMILY = "1,2";
			};
			name = Release;
		};
		88ED24762463E3F700E7147C /* Debug */ = {
			isa = XCBuildConfiguration;
			baseConfigurationReference = 5746AE1DD497ACE7BD4AC3B7 /* Pods-ProjectTestTests.debug.xcconfig */;
			buildSettings = {
				ALWAYS_EMBED_SWIFT_STANDARD_LIBRARIES = YES;
				BUNDLE_LOADER = "$(TEST_HOST)";
				CODE_SIGN_STYLE = Automatic;
				INFOPLIST_FILE = ProjectTestTests/Info.plist;
				IPHONEOS_DEPLOYMENT_TARGET = 13.2;
				LD_RUNPATH_SEARCH_PATHS = (
					"$(inherited)",
					"@executable_path/Frameworks",
					"@loader_path/Frameworks",
				);
				PRODUCT_BUNDLE_IDENTIFIER = com.nor.ProjectTestTests;
				PRODUCT_NAME = "$(TARGET_NAME)";
				SWIFT_VERSION = 5.0;
				TARGETED_DEVICE_FAMILY = "1,2";
				TEST_HOST = "$(BUILT_PRODUCTS_DIR)/ProjectTest.app/ProjectTest";
			};
			name = Debug;
		};
		88ED24772463E3F700E7147C /* Release */ = {
			isa = XCBuildConfiguration;
			baseConfigurationReference = E70468A50035263A5646388F /* Pods-ProjectTestTests.release.xcconfig */;
			buildSettings = {
				ALWAYS_EMBED_SWIFT_STANDARD_LIBRARIES = YES;
				BUNDLE_LOADER = "$(TEST_HOST)";
				CODE_SIGN_STYLE = Automatic;
				INFOPLIST_FILE = ProjectTestTests/Info.plist;
				IPHONEOS_DEPLOYMENT_TARGET = 13.2;
				LD_RUNPATH_SEARCH_PATHS = (
					"$(inherited)",
					"@executable_path/Frameworks",
					"@loader_path/Frameworks",
				);
				PRODUCT_BUNDLE_IDENTIFIER = com.nor.ProjectTestTests;
				PRODUCT_NAME = "$(TARGET_NAME)";
				SWIFT_VERSION = 5.0;
				TARGETED_DEVICE_FAMILY = "1,2";
				TEST_HOST = "$(BUILT_PRODUCTS_DIR)/ProjectTest.app/ProjectTest";
			};
			name = Release;
		};
		88ED24792463E3F700E7147C /* Debug */ = {
			isa = XCBuildConfiguration;
			baseConfigurationReference = D069B1D4F6A3043A90AE6A9B /* Pods-ProjectTest-ProjectTestUITests.debug.xcconfig */;
			buildSettings = {
				ALWAYS_EMBED_SWIFT_STANDARD_LIBRARIES = YES;
				CODE_SIGN_STYLE = Automatic;
				INFOPLIST_FILE = ProjectTestUITests/Info.plist;
				LD_RUNPATH_SEARCH_PATHS = (
					"$(inherited)",
					"@executable_path/Frameworks",
					"@loader_path/Frameworks",
				);
				PRODUCT_BUNDLE_IDENTIFIER = com.nor.ProjectTestUITests;
				PRODUCT_NAME = "$(TARGET_NAME)";
				SWIFT_VERSION = 5.0;
				TARGETED_DEVICE_FAMILY = "1,2";
				TEST_TARGET_NAME = ProjectTest;
			};
			name = Debug;
		};
		88ED247A2463E3F700E7147C /* Release */ = {
			isa = XCBuildConfiguration;
			baseConfigurationReference = A16340E736211157DE5F2AFA /* Pods-ProjectTest-ProjectTestUITests.release.xcconfig */;
			buildSettings = {
				ALWAYS_EMBED_SWIFT_STANDARD_LIBRARIES = YES;
				CODE_SIGN_STYLE = Automatic;
				INFOPLIST_FILE = ProjectTestUITests/Info.plist;
				LD_RUNPATH_SEARCH_PATHS = (
					"$(inherited)",
					"@executable_path/Frameworks",
					"@loader_path/Frameworks",
				);
				PRODUCT_BUNDLE_IDENTIFIER = com.nor.ProjectTestUITests;
				PRODUCT_NAME = "$(TARGET_NAME)";
				SWIFT_VERSION = 5.0;
				TARGETED_DEVICE_FAMILY = "1,2";
				TEST_TARGET_NAME = ProjectTest;
			};
			name = Release;
		};
/* End XCBuildConfiguration section */

/* Begin XCConfigurationList section */
		88ED24432463E3F300E7147C /* Build configuration list for PBXProject "ProjectTest" */ = {
			isa = XCConfigurationList;
			buildConfigurations = (
				88ED24702463E3F700E7147C /* Debug */,
				88ED24712463E3F700E7147C /* Release */,
			);
			defaultConfigurationIsVisible = 0;
			defaultConfigurationName = Release;
		};
		88ED24722463E3F700E7147C /* Build configuration list for PBXNativeTarget "ProjectTest" */ = {
			isa = XCConfigurationList;
			buildConfigurations = (
				88ED24732463E3F700E7147C /* Debug */,
				88ED24742463E3F700E7147C /* Release */,
			);
			defaultConfigurationIsVisible = 0;
			defaultConfigurationName = Release;
		};
		88ED24752463E3F700E7147C /* Build configuration list for PBXNativeTarget "ProjectTestTests" */ = {
			isa = XCConfigurationList;
			buildConfigurations = (
				88ED24762463E3F700E7147C /* Debug */,
				88ED24772463E3F700E7147C /* Release */,
			);
			defaultConfigurationIsVisible = 0;
			defaultConfigurationName = Release;
		};
		88ED24782463E3F700E7147C /* Build configuration list for PBXNativeTarget "ProjectTestUITests" */ = {
			isa = XCConfigurationList;
			buildConfigurations = (
				88ED24792463E3F700E7147C /* Debug */,
				88ED247A2463E3F700E7147C /* Release */,
			);
			defaultConfigurationIsVisible = 0;
			defaultConfigurationName = Release;
		};
/* End XCConfigurationList section */
	};
	rootObject = 88ED24402463E3F300E7147C /* Project object */;
}
